{
  "name": "5.9",
  "lockfileVersion": 3,
  "requires": true,
  "packages": {
    "": {
      "dependencies": {
        "types-registry": "^0.1.762"
      },
      "devDependencies": {
        "@types/angular-dialog-service": "^5.2.35",
        "@types/react": "^19.2.14"
      }
    },
    "node_modules/@types/angular": {
      "version": "1.8.9",
      "resolved": "https://registry.npmjs.org/@types/angular/-/angular-1.8.9.tgz",
      "integrity": "sha512-Z0HukqZkx0fotsV3QO00yqU9NzcQI+tMcrum+8MvfB4ePqCawZctF/gz6QiuII+T1ax+LitNoPx/eICTgnF4sg==",
      "dev": true,
      "license": "MIT"
    },
    "node_modules/@types/angular-dialog-service": {
      "version": "5.2.35",
      "resolved": "https://registry.npmjs.org/@types/angular-dialog-service/-/angular-dialog-service-5.2.35.tgz",
      "integrity": "sha512-DpYtEI4QCwqTMAZDh375sVEsE88y1OHHPEDW7CMrGh3vj3JAhCk9wCaFOqFxXmbKoCVNQMfunX+aJAOr+f0eew==",
      "dev": true,
      "license": "MIT",
      "dependencies": {
        "@types/angular": "*",
        "@types/angular-ui-bootstrap": "*"
      }
    },
    "node_modules/@types/angular-ui-bootstrap": {
      "version": "1.0.7",
      "resolved": "https://registry.npmjs.org/@types/angular-ui-bootstrap/-/angular-ui-bootstrap-1.0.7.tgz",
      "integrity": "sha512-pYtOQ6aqfmOg0pQHXfG4YHiMAyr56YSmobt2QwcIvsVxKeKkz8i/YuUVJ+WMoptaAmb25/HQrjT8bV28HtY1xA==",
      "dev": true,
      "license": "MIT",
      "dependencies": {
        "@types/angular": "*"
      }
    },
    "node_modules/@types/react": {
      "version": "19.2.14",
      "resolved": "https://registry.npmjs.org/@types/react/-/react-19.2.14.tgz",
      "integrity": "sha512-ilcTH/UniCkMdtexkoCN0bI7pMcJDvmQFPvuPvmEaYA/NSfFTAgdUSLAoVjaRJm7+6PvcM+q1zYOwS4wTYMF9w==",
      "dev": true,
      "license": "MIT",
      "dependencies": {
        "csstype": "^3.2.2"
      }
    },
    "node_modules/csstype": {
      "version": "3.2.3",
      "resolved": "https://registry.npmjs.org/csstype/-/csstype-3.2.3.tgz",
      "integrity": "sha512-z1HGKcYy2xA8AGQfwrn0PAy+PB7X/GSj3UVJW9qKyn43xWa+gl5nXmU4qqLMRzWVLFC8KusUX8T/0kCiOYpAIQ==",
      "dev": true,
      "license": "MIT"
    },
    "node_modules/types-registry": {
      "version": "0.1.762",
      "resolved": "https://registry.npmjs.org/types-registry/-/types-registry-0.1.762.tgz",
      "integrity": "sha512-h7NXy+uTAa719br8zOkAnVYSAXfb4J6GsJgLNgVmDWROAroPe7pRTIdGxn6B3sI/8/4pxfAtASKOVhVax3apIg==",
      "license": "MIT"
    }
  }
}
